
Microsoft Visual Studio Solution File, Format Version 12.00
Project("{FAE04EC0-301F-11D3-BF4B-00C04F79EFBC}") = "dotnet-8-backend-template", "dotnet-8-backend-template.csproj", "{1EA85924-55E2-4CFB-A4C8-457A7791F7DA}"
EndProject
Project("{2150E333-8FDC-42A3-9474-1A3956D46DE8}") = "Solution Items", "Solution Items", "{8B567FF1-AFC5-4B09-8241-D7CFEC01B72A}"
	ProjectSection(SolutionItems) = preProject
		compose.yaml = compose.yaml
	EndProjectSection
EndProject
Global
	GlobalSection(SolutionConfigurationPlatforms) = preSolution
		Debug|Any CPU = Debug|Any CPU
		Release|Any CPU = Release|Any CPU
	EndGlobalSection
	GlobalSection(ProjectConfigurationPlatforms) = postSolution
		{1EA85924-55E2-4CFB-A4C8-457A7791F7DA}.Debug|Any CPU.ActiveCfg = Debug|Any CPU
		{1EA85924-55E2-4CFB-A4C8-457A7791F7DA}.Debug|Any CPU.Build.0 = Debug|Any CPU
		{1EA85924-55E2-4CFB-A4C8-457A7791F7DA}.Release|Any CPU.ActiveCfg = Release|Any CPU
		{1EA85924-55E2-4CFB-A4C8-457A7791F7DA}.Release|Any CPU.Build.0 = Release|Any CPU
	EndGlobalSection
EndGlobal
